
Microsoft Visual Studio Solution File, Format Version 11.00
# Visual Studio 2010
Project("{FAE04EC0-301F-11D3-BF4B-00C04F79EFBC}") = "DailyPortalUpdate", "DailyPortalUpdate\DailyPortalUpdate.csproj", "{86761154-433D-465F-BCAF-8E3588523CB2}"
EndProject
Project("{9344bdbb-3e7f-41fc-a0dd-8665d75ee146}") = "DailyPortalUpdatePkg", "DailyPortalUpdatePkg\DailyPortalUpdatePkg.mdproj", "{EC2E2B52-E969-4A86-B92D-E31A582CF166}"
EndProject
Global
	GlobalSection(SolutionConfigurationPlatforms) = preSolution
		Debug|Any CPU = Debug|Any CPU
		Release|Any CPU = Release|Any CPU
	EndGlobalSection
	GlobalSection(ProjectConfigurationPlatforms) = postSolution
		{86761154-433D-465F-BCAF-8E3588523CB2}.Debug|Any CPU.ActiveCfg = Debug|Any CPU
		{86761154-433D-465F-BCAF-8E3588523CB2}.Debug|Any CPU.Build.0 = Debug|Any CPU
		{86761154-433D-465F-BCAF-8E3588523CB2}.Release|Any CPU.ActiveCfg = Release|Any CPU
		{86761154-433D-465F-BCAF-8E3588523CB2}.Release|Any CPU.Build.0 = Release|Any CPU
		{EC2E2B52-E969-4A86-B92D-E31A582CF166}.Debug|Any CPU.ActiveCfg = Debug|Any CPU
		{EC2E2B52-E969-4A86-B92D-E31A582CF166}.Release|Any CPU.ActiveCfg = Release|Any CPU
	EndGlobalSection
	GlobalSection(MonoDevelopProperties) = preSolution
		StartupItem = DailyPortalUpdate\DailyPortalUpdate.csproj
		Policies = $0
		$0.DotNetNamingPolicy = $1
		$1.DirectoryNamespaceAssociation = None
		$1.ResourceNamePolicy = FileFormatDefault
		$0.StandardHeader = $2
		$2.Text = 
		$2.IncludeInNewFiles = True
	EndGlobalSection
EndGlobal
